
Microsoft Visual Studio Solution File, Format Version 12.00
# Visual Studio Version 16
VisualStudioVersion = 16.0.30320.27
MinimumVisualStudioVersion = 10.0.40219.1
Project("{8BC9CEB8-8B4A-11D0-8D11-00A0C91BC942}") = "MegaDrumMachine", "MegaDrumMachine\MegaDrumMachine.vcxproj", "{C5F80730-F44F-4478-BDAE-6634EFC2CA88}"
EndProject
Project("{8BC9CEB8-8B4A-11D0-8D11-00A0C91BC942}") = "HelloWorld", "..\..\..\Documents\Arduino\My Examples\HelloWorld\HelloWorld.vcxproj", "{2221ABE2-9897-480B-AEAA-3701ABFF719B}"
EndProject
Project("{FAE04EC0-301F-11D3-BF4B-00C04F79EFBC}") = "DrumMachineDesktopApp", "SerialTest\DrumMachineDesktopApp.csproj", "{06E7A6F5-CF5A-4001-99A0-3E72B2118BF9}"
EndProject
Project("{8BC9CEB8-8B4A-11D0-8D11-00A0C91BC942}") = "InterruptRotator", "..\..\..\Documents\Arduino\My Examples\InterruptRotator\InterruptRotator.vcxproj", "{1F00740E-E3E4-40C6-871C-B24C65C3F03D}"
EndProject
Project("{8BC9CEB8-8B4A-11D0-8D11-00A0C91BC942}") = "SimplePollRotator", "..\..\..\Documents\Arduino\My Examples\SimplePollRotator\SimplePollRotator.vcxproj", "{D523755F-0449-4A3B-9860-22998D295A09}"
EndProject
Project("{8BC9CEB8-8B4A-11D0-8D11-00A0C91BC942}") = "SimplePollRotatorLCD", "..\..\..\Documents\Arduino\My Examples\SimplePollRotatorLCD\SimplePollRotatorLCD.vcxproj", "{ECB7E658-EF6E-4AD9-BFB3-02FE88986043}"
EndProject
Project("{8BC9CEB8-8B4A-11D0-8D11-00A0C91BC942}") = "Test", "Test\Test.vcxitems", "{E4086C01-76E6-43BA-A9AF-E31D41A4F510}"
EndProject
Project("{FAE04EC0-301F-11D3-BF4B-00C04F79EFBC}") = "DesktopAppTests", "DesktopAppTests\DesktopAppTests.csproj", "{C6E4A040-C27F-46A2-83B3-4D7BBEC03ED8}"
EndProject
Project("{8BC9CEB8-8B4A-11D0-8D11-00A0C91BC942}") = "CustomChars", "..\..\..\Documents\Arduino\My Examples\CustomChars\CustomChars.vcxproj", "{2C602750-F281-4E6F-9274-96CBB9A3E4CC}"
EndProject
Global
	GlobalSection(SolutionConfigurationPlatforms) = preSolution
		Debug|Any CPU = Debug|Any CPU
		Debug|x86 = Debug|x86
		Firmware|Any CPU = Firmware|Any CPU
		Firmware|x86 = Firmware|x86
		Release|Any CPU = Release|Any CPU
		Release|x86 = Release|x86
		Test|Any CPU = Test|Any CPU
		Test|x86 = Test|x86
	EndGlobalSection
	GlobalSection(ProjectConfigurationPlatforms) = postSolution
		{C5F80730-F44F-4478-BDAE-6634EFC2CA88}.Debug|Any CPU.ActiveCfg = Debug|Win32
		{C5F80730-F44F-4478-BDAE-6634EFC2CA88}.Debug|x86.ActiveCfg = Debug|Win32
		{C5F80730-F44F-4478-BDAE-6634EFC2CA88}.Debug|x86.Build.0 = Debug|Win32
		{C5F80730-F44F-4478-BDAE-6634EFC2CA88}.Firmware|Any CPU.ActiveCfg = Firmware|Win32
		{C5F80730-F44F-4478-BDAE-6634EFC2CA88}.Firmware|Any CPU.Build.0 = Firmware|Win32
		{C5F80730-F44F-4478-BDAE-6634EFC2CA88}.Firmware|x86.ActiveCfg = Firmware|Win32
		{C5F80730-F44F-4478-BDAE-6634EFC2CA88}.Release|Any CPU.ActiveCfg = Release|Win32
		{C5F80730-F44F-4478-BDAE-6634EFC2CA88}.Release|x86.ActiveCfg = Release|Win32
		{C5F80730-F44F-4478-BDAE-6634EFC2CA88}.Release|x86.Build.0 = Release|Win32
		{C5F80730-F44F-4478-BDAE-6634EFC2CA88}.Test|Any CPU.ActiveCfg = Test|Win32
		{C5F80730-F44F-4478-BDAE-6634EFC2CA88}.Test|x86.ActiveCfg = Test|Win32
		{2221ABE2-9897-480B-AEAA-3701ABFF719B}.Debug|Any CPU.ActiveCfg = Debug|Win32
		{2221ABE2-9897-480B-AEAA-3701ABFF719B}.Debug|x86.ActiveCfg = Debug|Win32
		{2221ABE2-9897-480B-AEAA-3701ABFF719B}.Debug|x86.Build.0 = Debug|Win32
		{2221ABE2-9897-480B-AEAA-3701ABFF719B}.Firmware|Any CPU.ActiveCfg = Firmware|Win32
		{2221ABE2-9897-480B-AEAA-3701ABFF719B}.Firmware|x86.ActiveCfg = Firmware|Win32
		{2221ABE2-9897-480B-AEAA-3701ABFF719B}.Release|Any CPU.ActiveCfg = Release|Win32
		{2221ABE2-9897-480B-AEAA-3701ABFF719B}.Release|x86.ActiveCfg = Release|Win32
		{2221ABE2-9897-480B-AEAA-3701ABFF719B}.Release|x86.Build.0 = Release|Win32
		{2221ABE2-9897-480B-AEAA-3701ABFF719B}.Test|Any CPU.ActiveCfg = Test|Win32
		{2221ABE2-9897-480B-AEAA-3701ABFF719B}.Test|x86.ActiveCfg = Test|Win32
		{06E7A6F5-CF5A-4001-99A0-3E72B2118BF9}.Debug|Any CPU.ActiveCfg = Debug|Any CPU
		{06E7A6F5-CF5A-4001-99A0-3E72B2118BF9}.Debug|Any CPU.Build.0 = Debug|Any CPU
		{06E7A6F5-CF5A-4001-99A0-3E72B2118BF9}.Debug|x86.ActiveCfg = Debug|Any CPU
		{06E7A6F5-CF5A-4001-99A0-3E72B2118BF9}.Debug|x86.Build.0 = Debug|Any CPU
		{06E7A6F5-CF5A-4001-99A0-3E72B2118BF9}.Firmware|Any CPU.ActiveCfg = Firmware|Any CPU
		{06E7A6F5-CF5A-4001-99A0-3E72B2118BF9}.Firmware|x86.ActiveCfg = Firmware|Any CPU
		{06E7A6F5-CF5A-4001-99A0-3E72B2118BF9}.Firmware|x86.Build.0 = Firmware|Any CPU
		{06E7A6F5-CF5A-4001-99A0-3E72B2118BF9}.Release|Any CPU.ActiveCfg = Release|Any CPU
		{06E7A6F5-CF5A-4001-99A0-3E72B2118BF9}.Release|Any CPU.Build.0 = Release|Any CPU
		{06E7A6F5-CF5A-4001-99A0-3E72B2118BF9}.Release|x86.ActiveCfg = Release|Any CPU
		{06E7A6F5-CF5A-4001-99A0-3E72B2118BF9}.Release|x86.Build.0 = Release|Any CPU
		{06E7A6F5-CF5A-4001-99A0-3E72B2118BF9}.Test|Any CPU.ActiveCfg = Test|Any CPU
		{06E7A6F5-CF5A-4001-99A0-3E72B2118BF9}.Test|Any CPU.Build.0 = Test|Any CPU
		{06E7A6F5-CF5A-4001-99A0-3E72B2118BF9}.Test|x86.ActiveCfg = Test|Any CPU
		{06E7A6F5-CF5A-4001-99A0-3E72B2118BF9}.Test|x86.Build.0 = Test|Any CPU
		{1F00740E-E3E4-40C6-871C-B24C65C3F03D}.Debug|Any CPU.ActiveCfg = Debug|Win32
		{1F00740E-E3E4-40C6-871C-B24C65C3F03D}.Debug|x86.ActiveCfg = Debug|Win32
		{1F00740E-E3E4-40C6-871C-B24C65C3F03D}.Debug|x86.Build.0 = Debug|Win32
		{1F00740E-E3E4-40C6-871C-B24C65C3F03D}.Firmware|Any CPU.ActiveCfg = Firmware|Win32
		{1F00740E-E3E4-40C6-871C-B24C65C3F03D}.Firmware|x86.ActiveCfg = Firmware|Win32
		{1F00740E-E3E4-40C6-871C-B24C65C3F03D}.Release|Any CPU.ActiveCfg = Release|Win32
		{1F00740E-E3E4-40C6-871C-B24C65C3F03D}.Release|x86.ActiveCfg = Release|Win32
		{1F00740E-E3E4-40C6-871C-B24C65C3F03D}.Release|x86.Build.0 = Release|Win32
		{1F00740E-E3E4-40C6-871C-B24C65C3F03D}.Test|Any CPU.ActiveCfg = Test|Win32
		{1F00740E-E3E4-40C6-871C-B24C65C3F03D}.Test|x86.ActiveCfg = Test|Win32
		{D523755F-0449-4A3B-9860-22998D295A09}.Debug|Any CPU.ActiveCfg = Debug|Win32
		{D523755F-0449-4A3B-9860-22998D295A09}.Debug|x86.ActiveCfg = Debug|Win32
		{D523755F-0449-4A3B-9860-22998D295A09}.Debug|x86.Build.0 = Debug|Win32
		{D523755F-0449-4A3B-9860-22998D295A09}.Firmware|Any CPU.ActiveCfg = Firmware|Win32
		{D523755F-0449-4A3B-9860-22998D295A09}.Firmware|x86.ActiveCfg = Firmware|Win32
		{D523755F-0449-4A3B-9860-22998D295A09}.Release|Any CPU.ActiveCfg = Release|Win32
		{D523755F-0449-4A3B-9860-22998D295A09}.Release|x86.ActiveCfg = Release|Win32
		{D523755F-0449-4A3B-9860-22998D295A09}.Release|x86.Build.0 = Release|Win32
		{D523755F-0449-4A3B-9860-22998D295A09}.Test|Any CPU.ActiveCfg = Test|Win32
		{D523755F-0449-4A3B-9860-22998D295A09}.Test|x86.ActiveCfg = Test|Win32
		{ECB7E658-EF6E-4AD9-BFB3-02FE88986043}.Debug|Any CPU.ActiveCfg = Debug|Win32
		{ECB7E658-EF6E-4AD9-BFB3-02FE88986043}.Debug|x86.ActiveCfg = Debug|Win32
		{ECB7E658-EF6E-4AD9-BFB3-02FE88986043}.Debug|x86.Build.0 = Debug|Win32
		{ECB7E658-EF6E-4AD9-BFB3-02FE88986043}.Firmware|Any CPU.ActiveCfg = Firmware|Win32
		{ECB7E658-EF6E-4AD9-BFB3-02FE88986043}.Firmware|x86.ActiveCfg = Firmware|Win32
		{ECB7E658-EF6E-4AD9-BFB3-02FE88986043}.Release|Any CPU.ActiveCfg = Release|Win32
		{ECB7E658-EF6E-4AD9-BFB3-02FE88986043}.Release|x86.ActiveCfg = Release|Win32
		{ECB7E658-EF6E-4AD9-BFB3-02FE88986043}.Release|x86.Build.0 = Release|Win32
		{ECB7E658-EF6E-4AD9-BFB3-02FE88986043}.Test|Any CPU.ActiveCfg = Test|Win32
		{ECB7E658-EF6E-4AD9-BFB3-02FE88986043}.Test|x86.ActiveCfg = Test|Win32
		{C6E4A040-C27F-46A2-83B3-4D7BBEC03ED8}.Debug|Any CPU.ActiveCfg = Debug|Any CPU
		{C6E4A040-C27F-46A2-83B3-4D7BBEC03ED8}.Debug|Any CPU.Build.0 = Debug|Any CPU
		{C6E4A040-C27F-46A2-83B3-4D7BBEC03ED8}.Debug|x86.ActiveCfg = Debug|Any CPU
		{C6E4A040-C27F-46A2-83B3-4D7BBEC03ED8}.Debug|x86.Build.0 = Debug|Any CPU
		{C6E4A040-C27F-46A2-83B3-4D7BBEC03ED8}.Firmware|Any CPU.ActiveCfg = Firmware|Any CPU
		{C6E4A040-C27F-46A2-83B3-4D7BBEC03ED8}.Firmware|x86.ActiveCfg = Firmware|Any CPU
		{C6E4A040-C27F-46A2-83B3-4D7BBEC03ED8}.Firmware|x86.Build.0 = Firmware|Any CPU
		{C6E4A040-C27F-46A2-83B3-4D7BBEC03ED8}.Release|Any CPU.ActiveCfg = Release|Any CPU
		{C6E4A040-C27F-46A2-83B3-4D7BBEC03ED8}.Release|Any CPU.Build.0 = Release|Any CPU
		{C6E4A040-C27F-46A2-83B3-4D7BBEC03ED8}.Release|x86.ActiveCfg = Release|Any CPU
		{C6E4A040-C27F-46A2-83B3-4D7BBEC03ED8}.Release|x86.Build.0 = Release|Any CPU
		{C6E4A040-C27F-46A2-83B3-4D7BBEC03ED8}.Test|Any CPU.ActiveCfg = Test|Any CPU
		{C6E4A040-C27F-46A2-83B3-4D7BBEC03ED8}.Test|Any CPU.Build.0 = Test|Any CPU
		{C6E4A040-C27F-46A2-83B3-4D7BBEC03ED8}.Test|x86.ActiveCfg = Test|Any CPU
		{C6E4A040-C27F-46A2-83B3-4D7BBEC03ED8}.Test|x86.Build.0 = Test|Any CPU
		{2C602750-F281-4E6F-9274-96CBB9A3E4CC}.Debug|Any CPU.ActiveCfg = Debug|Win32
		{2C602750-F281-4E6F-9274-96CBB9A3E4CC}.Debug|x86.ActiveCfg = Debug|Win32
		{2C602750-F281-4E6F-9274-96CBB9A3E4CC}.Debug|x86.Build.0 = Debug|Win32
		{2C602750-F281-4E6F-9274-96CBB9A3E4CC}.Firmware|Any CPU.ActiveCfg = Release|Win32
		{2C602750-F281-4E6F-9274-96CBB9A3E4CC}.Firmware|Any CPU.Build.0 = Release|Win32
		{2C602750-F281-4E6F-9274-96CBB9A3E4CC}.Firmware|x86.ActiveCfg = Release|Win32
		{2C602750-F281-4E6F-9274-96CBB9A3E4CC}.Firmware|x86.Build.0 = Release|Win32
		{2C602750-F281-4E6F-9274-96CBB9A3E4CC}.Release|Any CPU.ActiveCfg = Release|Win32
		{2C602750-F281-4E6F-9274-96CBB9A3E4CC}.Release|x86.ActiveCfg = Release|Win32
		{2C602750-F281-4E6F-9274-96CBB9A3E4CC}.Release|x86.Build.0 = Release|Win32
		{2C602750-F281-4E6F-9274-96CBB9A3E4CC}.Test|Any CPU.ActiveCfg = Release|Win32
		{2C602750-F281-4E6F-9274-96CBB9A3E4CC}.Test|Any CPU.Build.0 = Release|Win32
		{2C602750-F281-4E6F-9274-96CBB9A3E4CC}.Test|x86.ActiveCfg = Release|Win32
		{2C602750-F281-4E6F-9274-96CBB9A3E4CC}.Test|x86.Build.0 = Release|Win32
	EndGlobalSection
	GlobalSection(SolutionProperties) = preSolution
		HideSolutionNode = FALSE
	EndGlobalSection
	GlobalSection(ExtensibilityGlobals) = postSolution
		SolutionGuid = {8F39937B-8787-4E84-BFFE-F08D221B665B}
	EndGlobalSection
EndGlobal
