<?xml version="1.0" encoding="utf-8"?>
<Project ToolsVersion="4.0" xmlns="http://schemas.microsoft.com/developer/msbuild/2003">
  <ItemGroup>
    <Filter Include="Source Files">
      <UniqueIdentifier>{4FC737F1-C7A5-4376-A066-2A32D752A2FF}</UniqueIdentifier>
      <Extensions>cpp;c;cc;cxx;def;odl;idl;hpj;bat;asm;asmx</Extensions>
    </Filter>
    <Filter Include="Header Files">
      <UniqueIdentifier>{93995380-89BD-4b04-88EB-625FBE52EBFB}</UniqueIdentifier>
      <Extensions>h;hh;hpp;hxx;hm;inl;inc;xsd</Extensions>
    </Filter>
    <Filter Include="Misc Files">
      <UniqueIdentifier>{67DA6AB6-F800-4c08-8B7A-83BB121AAD01}</UniqueIdentifier>
      <Extensions>xml;json;txt;rc;ico;cur;bmp;dlg;rc2;rct;bin;rgs;gif;jpg;jpeg;jpe;resx;tiff;tif;png;wav;mfcribbon-ms</Extensions>
    </Filter>
    <Filter Include="LCDWidgets">
      <UniqueIdentifier>{16e938ed-b1ff-4bb3-90c2-ca4ed37b3d35}</UniqueIdentifier>
    </Filter>
  </ItemGroup>
  <ItemGroup>
    <None Include="MegaDrumMachine.ino" />
    <None Include="src\arduino folders read me.txt">
      <Filter>Misc Files</Filter>
    </None>
  </ItemGroup>
  <ItemGroup>
    <ClInclude Include="__vm\.MegaDrumMachine.vsarduino.h">
      <Filter>Header Files</Filter>
    </ClInclude>
    <ClInclude Include="BeatClock.h">
      <Filter>Header Files</Filter>
    </ClInclude>
    <ClInclude Include="DrumPattern.h">
      <Filter>Header Files</Filter>
    </ClInclude>
    <ClInclude Include="PatternBank.h">
      <Filter>Header Files</Filter>
    </ClInclude>
    <ClInclude Include="Sequencer.h">
      <Filter>Header Files</Filter>
    </ClInclude>
    <ClInclude Include="ButtonReader.h">
      <Filter>Header Files</Filter>
    </ClInclude>
    <ClInclude Include="DrumKit.h">
      <Filter>Header Files</Filter>
    </ClInclude>
    <ClInclude Include="ValueControl.h">
      <Filter>Header Files</Filter>
    </ClInclude>
    <ClInclude Include="MenuVar.h">
      <Filter>Header Files</Filter>
    </ClInclude>
    <ClInclude Include="LCDWidgets.h">
      <Filter>Header Files</Filter>
    </ClInclude>
    <ClInclude Include="LCDView.h">
      <Filter>Header Files</Filter>
    </ClInclude>
    <ClInclude Include="LCDWidget.h">
      <Filter>Header Files</Filter>
    </ClInclude>
    <ClInclude Include="BtnPad.h">
      <Filter>Header Files</Filter>
    </ClInclude>
    <ClInclude Include="ByteWidget.h">
      <Filter>Header Files</Filter>
    </ClInclude>
    <ClInclude Include="WidgetData.h">
      <Filter>Header Files</Filter>
    </ClInclude>
    <ClInclude Include="IntWidget.h">
      <Filter>Header Files</Filter>
    </ClInclude>
    <ClInclude Include="IVisibleWidget.h">
      <Filter>Header Files</Filter>
    </ClInclude>
    <ClInclude Include="ISelectableWidget.h">
      <Filter>Header Files</Filter>
    </ClInclude>
    <ClInclude Include="IconIndicator.h">
      <Filter>Header Files</Filter>
    </ClInclude>
    <ClInclude Include="PatternPositionIndicator.h">
      <Filter>Header Files</Filter>
    </ClInclude>
    <ClInclude Include="StepTriggerIndicator.h">
      <Filter>Header Files</Filter>
    </ClInclude>
    <ClInclude Include="DMPins.h">
      <Filter>Header Files</Filter>
    </ClInclude>
    <ClInclude Include="UIntWidget.h">
      <Filter>Header Files</Filter>
    </ClInclude>
    <ClInclude Include="ButtonsSimple.h">
      <Filter>Header Files</Filter>
    </ClInclude>
    <ClInclude Include="ScreenMode.h">
      <Filter>Header Files</Filter>
    </ClInclude>
    <ClInclude Include="ProgramMode.h">
      <Filter>Header Files</Filter>
    </ClInclude>
    <ClInclude Include="Storage.h">
      <Filter>Header Files</Filter>
    </ClInclude>
  </ItemGroup>
  <ItemGroup>
    <ClCompile Include="BeatClock.cpp">
      <Filter>Source Files</Filter>
    </ClCompile>
    <ClCompile Include="DrumPattern.cpp">
      <Filter>Source Files</Filter>
    </ClCompile>
    <ClCompile Include="PatternBank.cpp">
      <Filter>Source Files</Filter>
    </ClCompile>
    <ClCompile Include="Sequencer.cpp">
      <Filter>Source Files</Filter>
    </ClCompile>
    <ClCompile Include="ButtonReader.cpp">
      <Filter>Source Files</Filter>
    </ClCompile>
    <ClCompile Include="DrumKit.cpp">
      <Filter>Source Files</Filter>
    </ClCompile>
    <ClCompile Include="ValueControl.cpp">
      <Filter>Source Files</Filter>
    </ClCompile>
    <ClCompile Include="MenuVar.cpp">
      <Filter>Source Files</Filter>
    </ClCompile>
    <ClCompile Include="LCDWidgets.cpp">
      <Filter>Source Files</Filter>
    </ClCompile>
    <ClCompile Include="LCDView.cpp">
      <Filter>Source Files</Filter>
    </ClCompile>
    <ClCompile Include="LCDWidget.cpp">
      <Filter>Source Files</Filter>
    </ClCompile>
    <ClCompile Include="BtnPad.cpp">
      <Filter>Source Files</Filter>
    </ClCompile>
    <ClCompile Include="ByteWidget.cpp">
      <Filter>Source Files</Filter>
    </ClCompile>
    <ClCompile Include="WidgetData.cpp">
      <Filter>Source Files</Filter>
    </ClCompile>
    <ClCompile Include="IntWidget.cpp">
      <Filter>Source Files</Filter>
    </ClCompile>
    <ClCompile Include="IVisibleWidget.cpp">
      <Filter>Source Files</Filter>
    </ClCompile>
    <ClCompile Include="IconIndicator.cpp">
      <Filter>Source Files</Filter>
    </ClCompile>
    <ClCompile Include="PatternPositionIndicator.cpp">
      <Filter>Source Files</Filter>
    </ClCompile>
    <ClCompile Include="StepTriggerIndicator.cpp">
      <Filter>Source Files</Filter>
    </ClCompile>
    <ClCompile Include="UIntWidget.cpp">
      <Filter>Source Files</Filter>
    </ClCompile>
    <ClCompile Include="ButtonsSimple.cpp">
      <Filter>Source Files</Filter>
    </ClCompile>
    <ClCompile Include="ScreenMode.cpp">
      <Filter>Source Files</Filter>
    </ClCompile>
    <ClCompile Include="ProgramMode.cpp">
      <Filter>Source Files</Filter>
    </ClCompile>
    <ClCompile Include="Storage.cpp">
      <Filter>Source Files</Filter>
    </ClCompile>
  </ItemGroup>
</Project>